github.com/davidhintelmann/blockchain/bparser v0.0.0-20240908013817-6bb6299e1631 h1:7cGG35lgbVazWUpLBYjmmSFx6CEQ+voSMASjmBxi2rw=
github.com/davidhintelmann/blockchain/bparser v0.0.0-20240908013817-6bb6299e1631/go.mod h1:LqvI+mnhoJpNxvXvGNhlb4UeAhBYst0KDCzokEzqzZg=
golang.org/x/text v0.18.0 h1:XvMDiNzPAl0jr17s6W9lcaIhGUfUORdGCNsuLmPG224=
golang.org/x/text v0.18.0/go.mod h1:BuEKDfySbSR4drPmRPG/7iBdf8hvFMuRexcpahXilzY=
